// !$*UTF8*$!
{
	archiveVersion = 1;
	classes = {
	};
	objectVersion = 46;
	objects = {

/* Begin PBXBuildFile section */
		7E10936F1B635AA700175B79 /* HRFileManager.m in Sources */ = {isa = PBXBuildFile; fileRef = 7E10936C1B635AA700175B79 /* HRFileManager.m */; };
		7E1093701B635AA700175B79 /* HRFileItem.m in Sources */ = {isa = PBXBuildFile; fileRef = 7E10936E1B635AA700175B79 /* HRFileItem.m */; };
		7E10937B1B635B3A00175B79 /* UIKit.framework in Frameworks */ = {isa = PBXBuildFile; fileRef = 7E10937A1B635B3A00175B79 /* UIKit.framework */; };
		7E10937D1B635B4D00175B79 /* Foundation.framework in Frameworks */ = {isa = PBXBuildFile; fileRef = 7E10937C1B635B4D00175B79 /* Foundation.framework */; };
		7E10937F1B635C1900175B79 /* HRFileManager.h in Headers */ = {isa = PBXBuildFile; fileRef = 7E10936B1B635AA700175B79 /* HRFileManager.h */; settings = {ATTRIBUTES = (Public, ); }; };
		7E1093801B635C1900175B79 /* HRFileItem.h in Headers */ = {isa = PBXBuildFile; fileRef = 7E10936D1B635AA700175B79 /* HRFileItem.h */; settings = {ATTRIBUTES = (Public, ); }; };
		7E1093851B635C6F00175B79 /* HRFileListVC.h in Headers */ = {isa = PBXBuildFile; fileRef = 7E1093821B635C6F00175B79 /* HRFileListVC.h */; settings = {ATTRIBUTES = (Public, ); }; };
		7E1093861B635C6F00175B79 /* HRFileListVC.m in Sources */ = {isa = PBXBuildFile; fileRef = 7E1093831B635C6F00175B79 /* HRFileListVC.m */; };
		7E10938F1B63620E00175B79 /* HRFileItemCell.h in Headers */ = {isa = PBXBuildFile; fileRef = 7E10938C1B63620E00175B79 /* HRFileItemCell.h */; };
		7E1093901B63620E00175B79 /* HRFileItemCell.m in Sources */ = {isa = PBXBuildFile; fileRef = 7E10938D1B63620E00175B79 /* HRFileItemCell.m */; };
		7E1093F21B6371A500175B79 /* File@2x.png in Resources */ = {isa = PBXBuildFile; fileRef = 7E1093F01B6371A500175B79 /* File@2x.png */; };
		7E1093F31B6371A500175B79 /* Folder@2x.png in Resources */ = {isa = PBXBuildFile; fileRef = 7E1093F11B6371A500175B79 /* Folder@2x.png */; };
		7E1093FB1B6399E100175B79 /* HRFileManagerPrefixHeader.pch in Headers */ = {isa = PBXBuildFile; fileRef = 7E1093FA1B6399E100175B79 /* HRFileManagerPrefixHeader.pch */; };
		7E1093FF1B63A01F00175B79 /* HRSelectPathVC.h in Headers */ = {isa = PBXBuildFile; fileRef = 7E1093FD1B63A01F00175B79 /* HRSelectPathVC.h */; settings = {ATTRIBUTES = (Public, ); }; };
		7E1094001B63A01F00175B79 /* HRSelectPathVC.m in Sources */ = {isa = PBXBuildFile; fileRef = 7E1093FE1B63A01F00175B79 /* HRSelectPathVC.m */; };
/* End PBXBuildFile section */

/* Begin PBXCopyFilesBuildPhase section */
		7E10934F1B635A8800175B79 /* CopyFiles */ = {
			isa = PBXCopyFilesBuildPhase;
			buildActionMask = 2147483647;
			dstPath = "include/$(PRODUCT_NAME)";
			dstSubfolderSpec = 16;
			files = (
			);
			runOnlyForDeploymentPostprocessing = 0;
		};
/* End PBXCopyFilesBuildPhase section */

/* Begin PBXFileReference section */
		7E1093511B635A8800175B79 /* libHRFileManager.a */ = {isa = PBXFileReference; explicitFileType = archive.ar; includeInIndex = 0; path = libHRFileManager.a; sourceTree = BUILT_PRODUCTS_DIR; };
		7E10936B1B635AA700175B79 /* HRFileManager.h */ = {isa = PBXFileReference; fileEncoding = 4; lastKnownFileType = sourcecode.c.h; path = HRFileManager.h; sourceTree = "<group>"; };
		7E10936C1B635AA700175B79 /* HRFileManager.m */ = {isa = PBXFileReference; fileEncoding = 4; lastKnownFileType = sourcecode.c.objc; path = HRFileManager.m; sourceTree = "<group>"; };
		7E10936D1B635AA700175B79 /* HRFileItem.h */ = {isa = PBXFileReference; fileEncoding = 4; lastKnownFileType = sourcecode.c.h; path = HRFileItem.h; sourceTree = "<group>"; };
		7E10936E1B635AA700175B79 /* HRFileItem.m */ = {isa = PBXFileReference; fileEncoding = 4; lastKnownFileType = sourcecode.c.objc; path = HRFileItem.m; sourceTree = "<group>"; };
		7E10937A1B635B3A00175B79 /* UIKit.framework */ = {isa = PBXFileReference; lastKnownFileType = wrapper.framework; name = UIKit.framework; path = System/Library/Frameworks/UIKit.framework; sourceTree = SDKROOT; };
		7E10937C1B635B4D00175B79 /* Foundation.framework */ = {isa = PBXFileReference; lastKnownFileType = wrapper.framework; name = Foundation.framework; path = System/Library/Frameworks/Foundation.framework; sourceTree = SDKROOT; };
		7E1093821B635C6F00175B79 /* HRFileListVC.h */ = {isa = PBXFileReference; fileEncoding = 4; lastKnownFileType = sourcecode.c.h; path = HRFileListVC.h; sourceTree = "<group>"; };
		7E1093831B635C6F00175B79 /* HRFileListVC.m */ = {isa = PBXFileReference; fileEncoding = 4; lastKnownFileType = sourcecode.c.objc; path = HRFileListVC.m; sourceTree = "<group>"; };
		7E10938C1B63620E00175B79 /* HRFileItemCell.h */ = {isa = PBXFileReference; fileEncoding = 4; lastKnownFileType = sourcecode.c.h; path = HRFileItemCell.h; sourceTree = "<group>"; };
		7E10938D1B63620E00175B79 /* HRFileItemCell.m */ = {isa = PBXFileReference; fileEncoding = 4; lastKnownFileType = sourcecode.c.objc; path = HRFileItemCell.m; sourceTree = "<group>"; };
		7E1093E91B63718B00175B79 /* HRFileManagerResource.bundle */ = {isa = PBXFileReference; explicitFileType = wrapper.cfbundle; includeInIndex = 0; path = HRFileManagerResource.bundle; sourceTree = BUILT_PRODUCTS_DIR; };
		7E1093EC1B63718B00175B79 /* Info.plist */ = {isa = PBXFileReference; lastKnownFileType = text.plist.xml; path = Info.plist; sourceTree = "<group>"; };
		7E1093F01B6371A500175B79 /* File@2x.png */ = {isa = PBXFileReference; lastKnownFileType = image.png; name = "File@2x.png"; path = "VCS/File@2x.png"; sourceTree = "<group>"; };
		7E1093F11B6371A500175B79 /* Folder@2x.png */ = {isa = PBXFileReference; lastKnownFileType = image.png; name = "Folder@2x.png"; path = "VCS/Folder@2x.png"; sourceTree = "<group>"; };
		7E1093FA1B6399E100175B79 /* HRFileManagerPrefixHeader.pch */ = {isa = PBXFileReference; fileEncoding = 4; lastKnownFileType = sourcecode.c.h; path = HRFileManagerPrefixHeader.pch; sourceTree = "<group>"; };
		7E1093FD1B63A01F00175B79 /* HRSelectPathVC.h */ = {isa = PBXFileReference; fileEncoding = 4; lastKnownFileType = sourcecode.c.h; path = HRSelectPathVC.h; sourceTree = "<group>"; };
		7E1093FE1B63A01F00175B79 /* HRSelectPathVC.m */ = {isa = PBXFileReference; fileEncoding = 4; lastKnownFileType = sourcecode.c.objc; path = HRSelectPathVC.m; sourceTree = "<group>"; };
/* End PBXFileReference section */

/* Begin PBXFrameworksBuildPhase section */
		7E10934E1B635A8800175B79 /* Frameworks */ = {
			isa = PBXFrameworksBuildPhase;
			buildActionMask = 2147483647;
			files = (
				7E10937D1B635B4D00175B79 /* Foundation.framework in Frameworks */,
				7E10937B1B635B3A00175B79 /* UIKit.framework in Frameworks */,
			);
			runOnlyForDeploymentPostprocessing = 0;
		};
		7E1093E61B63718B00175B79 /* Frameworks */ = {
			isa = PBXFrameworksBuildPhase;
			buildActionMask = 2147483647;
			files = (
			);
			runOnlyForDeploymentPostprocessing = 0;
		};
/* End PBXFrameworksBuildPhase section */

/* Begin PBXGroup section */
		7E1093481B635A8800175B79 = {
			isa = PBXGroup;
			children = (
				7E10937C1B635B4D00175B79 /* Foundation.framework */,
				7E10937A1B635B3A00175B79 /* UIKit.framework */,
				7E1093531B635A8800175B79 /* HRFileManager */,
				7E1093EA1B63718B00175B79 /* HRFileManagerResource */,
				7E1093521B635A8800175B79 /* Products */,
			);
			sourceTree = "<group>";
		};
		7E1093521B635A8800175B79 /* Products */ = {
			isa = PBXGroup;
			children = (
				7E1093511B635A8800175B79 /* libHRFileManager.a */,
				7E1093E91B63718B00175B79 /* HRFileManagerResource.bundle */,
			);
			name = Products;
			sourceTree = "<group>";
		};
		7E1093531B635A8800175B79 /* HRFileManager */ = {
			isa = PBXGroup;
			children = (
				7E1093FC1B639A7000175B79 /* Images */,
				7E1093811B635C4D00175B79 /* VCS */,
				7E10936B1B635AA700175B79 /* HRFileManager.h */,
				7E10936C1B635AA700175B79 /* HRFileManager.m */,
				7E10936D1B635AA700175B79 /* HRFileItem.h */,
				7E10936E1B635AA700175B79 /* HRFileItem.m */,
				7E1093FA1B6399E100175B79 /* HRFileManagerPrefixHeader.pch */,
			);
			path = HRFileManager;
			sourceTree = "<group>";
		};
		7E1093811B635C4D00175B79 /* VCS */ = {
			isa = PBXGroup;
			children = (
				7E1093821B635C6F00175B79 /* HRFileListVC.h */,
				7E1093831B635C6F00175B79 /* HRFileListVC.m */,
				7E10938C1B63620E00175B79 /* HRFileItemCell.h */,
				7E10938D1B63620E00175B79 /* HRFileItemCell.m */,
				7E1093FD1B63A01F00175B79 /* HRSelectPathVC.h */,
				7E1093FE1B63A01F00175B79 /* HRSelectPathVC.m */,
			);
			path = VCS;
			sourceTree = "<group>";
		};
		7E1093EA1B63718B00175B79 /* HRFileManagerResource */ = {
			isa = PBXGroup;
			children = (
				7E1093EB1B63718B00175B79 /* Supporting Files */,
			);
			path = HRFileManagerResource;
			sourceTree = "<group>";
		};
		7E1093EB1B63718B00175B79 /* Supporting Files */ = {
			isa = PBXGroup;
			children = (
				7E1093EC1B63718B00175B79 /* Info.plist */,
			);
			name = "Supporting Files";
			sourceTree = "<group>";
		};
		7E1093FC1B639A7000175B79 /* Images */ = {
			isa = PBXGroup;
			children = (
				7E1093F01B6371A500175B79 /* File@2x.png */,
				7E1093F11B6371A500175B79 /* Folder@2x.png */,
			);
			name = Images;
			sourceTree = "<group>";
		};
/* End PBXGroup section */

/* Begin PBXHeadersBuildPhase section */
		7E10937E1B635C1000175B79 /* Headers */ = {
			isa = PBXHeadersBuildPhase;
			buildActionMask = 2147483647;
			files = (
				7E10937F1B635C1900175B79 /* HRFileManager.h in Headers */,
				7E1093FB1B6399E100175B79 /* HRFileManagerPrefixHeader.pch in Headers */,
				7E1093801B635C1900175B79 /* HRFileItem.h in Headers */,
				7E1093851B635C6F00175B79 /* HRFileListVC.h in Headers */,
				7E1093FF1B63A01F00175B79 /* HRSelectPathVC.h in Headers */,
				7E10938F1B63620E00175B79 /* HRFileItemCell.h in Headers */,
			);
			runOnlyForDeploymentPostprocessing = 0;
		};
/* End PBXHeadersBuildPhase section */

/* Begin PBXNativeTarget section */
		7E1093501B635A8800175B79 /* HRFileManager */ = {
			isa = PBXNativeTarget;
			buildConfigurationList = 7E1093651B635A8800175B79 /* Build configuration list for PBXNativeTarget "HRFileManager" */;
			buildPhases = (
				7E10934D1B635A8800175B79 /* Sources */,
				7E10934E1B635A8800175B79 /* Frameworks */,
				7E10934F1B635A8800175B79 /* CopyFiles */,
				7E10937E1B635C1000175B79 /* Headers */,
			);
			buildRules = (
			);
			dependencies = (
			);
			name = HRFileManager;
			productName = HRFileManager;
			productReference = 7E1093511B635A8800175B79 /* libHRFileManager.a */;
			productType = "com.apple.product-type.library.static";
		};
		7E1093E81B63718B00175B79 /* HRFileManagerResource */ = {
			isa = PBXNativeTarget;
			buildConfigurationList = 7E1093EF1B63718B00175B79 /* Build configuration list for PBXNativeTarget "HRFileManagerResource" */;
			buildPhases = (
				7E1093E51B63718B00175B79 /* Sources */,
				7E1093E61B63718B00175B79 /* Frameworks */,
				7E1093E71B63718B00175B79 /* Resources */,
			);
			buildRules = (
			);
			dependencies = (
			);
			name = HRFileManagerResource;
			productName = HRFileManagerResource;
			productReference = 7E1093E91B63718B00175B79 /* HRFileManagerResource.bundle */;
			productType = "com.apple.product-type.bundle";
		};
/* End PBXNativeTarget section */

/* Begin PBXProject section */
		7E1093491B635A8800175B79 /* Project object */ = {
			isa = PBXProject;
			attributes = {
				LastUpgradeCheck = 0640;
				ORGANIZATIONNAME = ZhangHeng;
				TargetAttributes = {
					7E1093501B635A8800175B79 = {
						CreatedOnToolsVersion = 6.4;
					};
					7E1093E81B63718B00175B79 = {
						CreatedOnToolsVersion = 6.4;
					};
				};
			};
			buildConfigurationList = 7E10934C1B635A8800175B79 /* Build configuration list for PBXProject "HRFileManager" */;
			compatibilityVersion = "Xcode 3.2";
			developmentRegion = English;
			hasScannedForEncodings = 0;
			knownRegions = (
				en,
			);
			mainGroup = 7E1093481B635A8800175B79;
			productRefGroup = 7E1093521B635A8800175B79 /* Products */;
			projectDirPath = "";
			projectRoot = "";
			targets = (
				7E1093501B635A8800175B79 /* HRFileManager */,
				7E1093E81B63718B00175B79 /* HRFileManagerResource */,
			);
		};
/* End PBXProject section */

/* Begin PBXResourcesBuildPhase section */
		7E1093E71B63718B00175B79 /* Resources */ = {
			isa = PBXResourcesBuildPhase;
			buildActionMask = 2147483647;
			files = (
				7E1093F31B6371A500175B79 /* Folder@2x.png in Resources */,
				7E1093F21B6371A500175B79 /* File@2x.png in Resources */,
			);
			runOnlyForDeploymentPostprocessing = 0;
		};
/* End PBXResourcesBuildPhase section */

/* Begin PBXSourcesBuildPhase section */
		7E10934D1B635A8800175B79 /* Sources */ = {
			isa = PBXSourcesBuildPhase;
			buildActionMask = 2147483647;
			files = (
				7E1093901B63620E00175B79 /* HRFileItemCell.m in Sources */,
				7E1093861B635C6F00175B79 /* HRFileListVC.m in Sources */,
				7E1093701B635AA700175B79 /* HRFileItem.m in Sources */,
				7E10936F1B635AA700175B79 /* HRFileManager.m in Sources */,
				7E1094001B63A01F00175B79 /* HRSelectPathVC.m in Sources */,
			);
			runOnlyForDeploymentPostprocessing = 0;
		};
		7E1093E51B63718B00175B79 /* Sources */ = {
			isa = PBXSourcesBuildPhase;
			buildActionMask = 2147483647;
			files = (
			);
			runOnlyForDeploymentPostprocessing = 0;
		};
/* End PBXSourcesBuildPhase section */

/* Begin XCBuildConfiguration section */
		7E1093631B635A8800175B79 /* Debug */ = {
			isa = XCBuildConfiguration;
			buildSettings = {
				ALWAYS_SEARCH_USER_PATHS = NO;
				CLANG_CXX_LANGUAGE_STANDARD = "gnu++0x";
				CLANG_CXX_LIBRARY = "libc++";
				CLANG_ENABLE_MODULES = YES;
				CLANG_ENABLE_OBJC_ARC = YES;
				CLANG_WARN_BOOL_CONVERSION = YES;
				CLANG_WARN_CONSTANT_CONVERSION = YES;
				CLANG_WARN_DIRECT_OBJC_ISA_USAGE = YES_ERROR;
				CLANG_WARN_EMPTY_BODY = YES;
				CLANG_WARN_ENUM_CONVERSION = YES;
				CLANG_WARN_INT_CONVERSION = YES;
				CLANG_WARN_OBJC_ROOT_CLASS = YES_ERROR;
				CLANG_WARN_UNREACHABLE_CODE = YES;
				CLANG_WARN__DUPLICATE_METHOD_MATCH = YES;
				COPY_PHASE_STRIP = NO;
				DEBUG_INFORMATION_FORMAT = "dwarf-with-dsym";
				ENABLE_STRICT_OBJC_MSGSEND = YES;
				GCC_C_LANGUAGE_STANDARD = gnu99;
				GCC_DYNAMIC_NO_PIC = NO;
				GCC_NO_COMMON_BLOCKS = YES;
				GCC_OPTIMIZATION_LEVEL = 0;
				GCC_PREPROCESSOR_DEFINITIONS = (
					"DEBUG=1",
					"$(inherited)",
				);
				GCC_SYMBOLS_PRIVATE_EXTERN = NO;
				GCC_WARN_64_TO_32_BIT_CONVERSION = YES;
				GCC_WARN_ABOUT_RETURN_TYPE = YES_ERROR;
				GCC_WARN_UNDECLARED_SELECTOR = YES;
				GCC_WARN_UNINITIALIZED_AUTOS = YES_AGGRESSIVE;
				GCC_WARN_UNUSED_FUNCTION = YES;
				GCC_WARN_UNUSED_VARIABLE = YES;
				IPHONEOS_DEPLOYMENT_TARGET = 8.4;
				MTL_ENABLE_DEBUG_INFO = YES;
				ONLY_ACTIVE_ARCH = YES;
				SDKROOT = iphoneos;
			};
			name = Debug;
		};
		7E1093641B635A8800175B79 /* Release */ = {
			isa = XCBuildConfiguration;
			buildSettings = {
				ALWAYS_SEARCH_USER_PATHS = NO;
				CLANG_CXX_LANGUAGE_STANDARD = "gnu++0x";
				CLANG_CXX_LIBRARY = "libc++";
				CLANG_ENABLE_MODULES = YES;
				CLANG_ENABLE_OBJC_ARC = YES;
				CLANG_WARN_BOOL_CONVERSION = YES;
				CLANG_WARN_CONSTANT_CONVERSION = YES;
				CLANG_WARN_DIRECT_OBJC_ISA_USAGE = YES_ERROR;
				CLANG_WARN_EMPTY_BODY = YES;
				CLANG_WARN_ENUM_CONVERSION = YES;
				CLANG_WARN_INT_CONVERSION = YES;
				CLANG_WARN_OBJC_ROOT_CLASS = YES_ERROR;
				CLANG_WARN_UNREACHABLE_CODE = YES;
				CLANG_WARN__DUPLICATE_METHOD_MATCH = YES;
				COPY_PHASE_STRIP = NO;
				DEBUG_INFORMATION_FORMAT = "dwarf-with-dsym";
				ENABLE_NS_ASSERTIONS = NO;
				ENABLE_STRICT_OBJC_MSGSEND = YES;
				GCC_C_LANGUAGE_STANDARD = gnu99;
				GCC_NO_COMMON_BLOCKS = YES;
				GCC_WARN_64_TO_32_BIT_CONVERSION = YES;
				GCC_WARN_ABOUT_RETURN_TYPE = YES_ERROR;
				GCC_WARN_UNDECLARED_SELECTOR = YES;
				GCC_WARN_UNINITIALIZED_AUTOS = YES_AGGRESSIVE;
				GCC_WARN_UNUSED_FUNCTION = YES;
				GCC_WARN_UNUSED_VARIABLE = YES;
				IPHONEOS_DEPLOYMENT_TARGET = 8.4;
				MTL_ENABLE_DEBUG_INFO = NO;
				SDKROOT = iphoneos;
				VALIDATE_PRODUCT = YES;
			};
			name = Release;
		};
		7E1093661B635A8800175B79 /* Debug */ = {
			isa = XCBuildConfiguration;
			buildSettings = {
				GCC_PRECOMPILE_PREFIX_HEADER = YES;
				GCC_PREFIX_HEADER = "$(SRCROOT)/HRFileManager/HRFileManagerPrefixHeader.pch";
				OTHER_LDFLAGS = "-ObjC";
				PRODUCT_NAME = "$(TARGET_NAME)";
				PUBLIC_HEADERS_FOLDER_PATH = "include/$(PROJECT_NAME)";
				SKIP_INSTALL = YES;
			};
			name = Debug;
		};
		7E1093671B635A8800175B79 /* Release */ = {
			isa = XCBuildConfiguration;
			buildSettings = {
				GCC_PRECOMPILE_PREFIX_HEADER = YES;
				GCC_PREFIX_HEADER = "$(SRCROOT)/HRFileManager/HRFileManagerPrefixHeader.pch";
				OTHER_LDFLAGS = "-ObjC";
				PRODUCT_NAME = "$(TARGET_NAME)";
				PUBLIC_HEADERS_FOLDER_PATH = "include/$(PROJECT_NAME)";
				SKIP_INSTALL = YES;
			};
			name = Release;
		};
		7E1093ED1B63718B00175B79 /* Debug */ = {
			isa = XCBuildConfiguration;
			buildSettings = {
				COMBINE_HIDPI_IMAGES = YES;
				DEBUG_INFORMATION_FORMAT = dwarf;
				GCC_PREPROCESSOR_DEFINITIONS = (
					"DEBUG=1",
					"$(inherited)",
				);
				INFOPLIST_FILE = HRFileManagerResource/Info.plist;
				INSTALL_PATH = "$(LOCAL_LIBRARY_DIR)/Bundles";
				MACOSX_DEPLOYMENT_TARGET = 10.10;
				PRODUCT_NAME = "$(TARGET_NAME)";
				SDKROOT = iphoneos8.4;
				SKIP_INSTALL = YES;
				WRAPPER_EXTENSION = bundle;
			};
			name = Debug;
		};
		7E1093EE1B63718B00175B79 /* Release */ = {
			isa = XCBuildConfiguration;
			buildSettings = {
				COMBINE_HIDPI_IMAGES = YES;
				INFOPLIST_FILE = HRFileManagerResource/Info.plist;
				INSTALL_PATH = "$(LOCAL_LIBRARY_DIR)/Bundles";
				MACOSX_DEPLOYMENT_TARGET = 10.10;
				PRODUCT_NAME = "$(TARGET_NAME)";
				SDKROOT = iphoneos8.4;
				SKIP_INSTALL = YES;
				WRAPPER_EXTENSION = bundle;
			};
			name = Release;
		};
/* End XCBuildConfiguration section */

/* Begin XCConfigurationList section */
		7E10934C1B635A8800175B79 /* Build configuration list for PBXProject "HRFileManager" */ = {
			isa = XCConfigurationList;
			buildConfigurations = (
				7E1093631B635A8800175B79 /* Debug */,
				7E1093641B635A8800175B79 /* Release */,
			);
			defaultConfigurationIsVisible = 0;
			defaultConfigurationName = Release;
		};
		7E1093651B635A8800175B79 /* Build configuration list for PBXNativeTarget "HRFileManager" */ = {
			isa = XCConfigurationList;
			buildConfigurations = (
				7E1093661B635A8800175B79 /* Debug */,
				7E1093671B635A8800175B79 /* Release */,
			);
			defaultConfigurationIsVisible = 0;
			defaultConfigurationName = Release;
		};
		7E1093EF1B63718B00175B79 /* Build configuration list for PBXNativeTarget "HRFileManagerResource" */ = {
			isa = XCConfigurationList;
			buildConfigurations = (
				7E1093ED1B63718B00175B79 /* Debug */,
				7E1093EE1B63718B00175B79 /* Release */,
			);
			defaultConfigurationIsVisible = 0;
		};
/* End XCConfigurationList section */
	};
	rootObject = 7E1093491B635A8800175B79 /* Project object */;
}
